// !$*UTF8*$!
{
	archiveVersion = 1;
	classes = {
	};
	objectVersion = 56;
	objects = {

/* Begin PBXBuildFile section */
		62F995F1299D2B8100E719D9 /* Assets.xcassets in Resources */ = {isa = PBXBuildFile; fileRef = 62F995F0299D2B8100E719D9 /* Assets.xcassets */; };
		62F995FC299D2BF500E719D9 /* InfiniteCalendar in Frameworks */ = {isa = PBXBuildFile; productRef = 62F995FB299D2BF500E719D9 /* InfiniteCalendar */; };
		62F99605299D2CE400E719D9 /* SampleData.swift in Sources */ = {isa = PBXBuildFile; fileRef = 62F995FD299D2CE400E719D9 /* SampleData.swift */; };
		62F99606299D2CE400E719D9 /* DemoApp.swift in Sources */ = {isa = PBXBuildFile; fileRef = 62F995FE299D2CE400E719D9 /* DemoApp.swift */; };
		62F99609299D2CE400E719D9 /* DetailView.swift in Sources */ = {isa = PBXBuildFile; fileRef = 62F99601299D2CE400E719D9 /* DetailView.swift */; };
		62F9960A299D2CE400E719D9 /* Settings.swift in Sources */ = {isa = PBXBuildFile; fileRef = 62F99602299D2CE400E719D9 /* Settings.swift */; };
		62F9960C299D2CE400E719D9 /* EventCell.swift in Sources */ = {isa = PBXBuildFile; fileRef = 62F99604299D2CE400E719D9 /* EventCell.swift */; };
		62F9960E299D2DA600E719D9 /* CustomDateHeader.swift in Sources */ = {isa = PBXBuildFile; fileRef = 62F9960D299D2DA600E719D9 /* CustomDateHeader.swift */; };
		62F99612299D2E2500E719D9 /* Preview Content in Resources */ = {isa = PBXBuildFile; fileRef = 62F99611299D2E2500E719D9 /* Preview Content */; };
/* End PBXBuildFile section */

/* Begin PBXFileReference section */
		62F995E9299D2B7F00E719D9 /* DentistScheduleBuilder.app */ = {isa = PBXFileReference; explicitFileType = wrapper.application; includeInIndex = 0; path = DentistScheduleBuilder.app; sourceTree = BUILT_PRODUCTS_DIR; };
		62F995F0299D2B8100E719D9 /* Assets.xcassets */ = {isa = PBXFileReference; lastKnownFileType = folder.assetcatalog; path = Assets.xcassets; sourceTree = "<group>"; };
		62F995FD299D2CE400E719D9 /* SampleData.swift */ = {isa = PBXFileReference; fileEncoding = 4; lastKnownFileType = sourcecode.swift; path = SampleData.swift; sourceTree = "<group>"; };
		62F995FE299D2CE400E719D9 /* DemoApp.swift */ = {isa = PBXFileReference; fileEncoding = 4; lastKnownFileType = sourcecode.swift; path = DemoApp.swift; sourceTree = "<group>"; };
		62F99601299D2CE400E719D9 /* DetailView.swift */ = {isa = PBXFileReference; fileEncoding = 4; lastKnownFileType = sourcecode.swift; path = DetailView.swift; sourceTree = "<group>"; };
		62F99602299D2CE400E719D9 /* Settings.swift */ = {isa = PBXFileReference; fileEncoding = 4; lastKnownFileType = sourcecode.swift; path = Settings.swift; sourceTree = "<group>"; };
		62F99604299D2CE400E719D9 /* EventCell.swift */ = {isa = PBXFileReference; fileEncoding = 4; lastKnownFileType = sourcecode.swift; path = EventCell.swift; sourceTree = "<group>"; };
		62F9960D299D2DA600E719D9 /* CustomDateHeader.swift */ = {isa = PBXFileReference; fileEncoding = 4; lastKnownFileType = sourcecode.swift; path = CustomDateHeader.swift; sourceTree = "<group>"; };
		62F99611299D2E2500E719D9 /* Preview Content */ = {isa = PBXFileReference; lastKnownFileType = folder; path = "Preview Content"; sourceTree = "<group>"; };
/* End PBXFileReference section */

/* Begin PBXFrameworksBuildPhase section */
		62F995E6299D2B7F00E719D9 /* Frameworks */ = {
			isa = PBXFrameworksBuildPhase;
			buildActionMask = 2147483647;
			files = (
				62F995FC299D2BF500E719D9 /* InfiniteCalendar in Frameworks */,
			);
			runOnlyForDeploymentPostprocessing = 0;
		};
/* End PBXFrameworksBuildPhase section */

/* Begin PBXGroup section */
		62F995E0299D2B7F00E719D9 = {
			isa = PBXGroup;
			children = (
				62F995EB299D2B7F00E719D9 /* DentistScheduleBuilder */,
				62F995EA299D2B7F00E719D9 /* Products */,
			);
			sourceTree = "<group>";
		};
		62F995EA299D2B7F00E719D9 /* Products */ = {
			isa = PBXGroup;
			children = (
				62F995E9299D2B7F00E719D9 /* DentistScheduleBuilder.app */,
			);
			name = Products;
			sourceTree = "<group>";
		};
		62F995EB299D2B7F00E719D9 /* DentistScheduleBuilder */ = {
			isa = PBXGroup;
			children = (
				62F9960D299D2DA600E719D9 /* CustomDateHeader.swift */,
				62F99611299D2E2500E719D9 /* Preview Content */,
				62F995FE299D2CE400E719D9 /* DemoApp.swift */,
				62F99601299D2CE400E719D9 /* DetailView.swift */,
				62F99604299D2CE400E719D9 /* EventCell.swift */,
				62F995FD299D2CE400E719D9 /* SampleData.swift */,
				62F99602299D2CE400E719D9 /* Settings.swift */,
				62F995F0299D2B8100E719D9 /* Assets.xcassets */,
			);
			path = DentistScheduleBuilder;
			sourceTree = "<group>";
		};
/* End PBXGroup section */

/* Begin PBXNativeTarget section */
		62F995E8299D2B7F00E719D9 /* DentistScheduleBuilder */ = {
			isa = PBXNativeTarget;
			buildConfigurationList = 62F995F7299D2B8100E719D9 /* Build configuration list for PBXNativeTarget "DentistScheduleBuilder" */;
			buildPhases = (
				62F995E5299D2B7F00E719D9 /* Sources */,
				62F995E6299D2B7F00E719D9 /* Frameworks */,
				62F995E7299D2B7F00E719D9 /* Resources */,
			);
			buildRules = (
			);
			dependencies = (
			);
			name = DentistScheduleBuilder;
			packageProductDependencies = (
				62F995FB299D2BF500E719D9 /* InfiniteCalendar */,
			);
			productName = DentistScheduleBuilder;
			productReference = 62F995E9299D2B7F00E719D9 /* DentistScheduleBuilder.app */;
			productType = "com.apple.product-type.application";
		};
/* End PBXNativeTarget section */

/* Begin PBXProject section */
		62F995E1299D2B7F00E719D9 /* Project object */ = {
			isa = PBXProject;
			attributes = {
				BuildIndependentTargetsInParallel = 1;
				LastSwiftUpdateCheck = 1420;
				LastUpgradeCheck = 1420;
				TargetAttributes = {
					62F995E8299D2B7F00E719D9 = {
						CreatedOnToolsVersion = 14.2;
					};
				};
			};
			buildConfigurationList = 62F995E4299D2B7F00E719D9 /* Build configuration list for PBXProject "DentistScheduleBuilder" */;
			compatibilityVersion = "Xcode 14.0";
			developmentRegion = en;
			hasScannedForEncodings = 0;
			knownRegions = (
				en,
				Base,
			);
			mainGroup = 62F995E0299D2B7F00E719D9;
			packageReferences = (
				62F995FA299D2BF500E719D9 /* XCRemoteSwiftPackageReference "InfiniteCalendar" */,
			);
			productRefGroup = 62F995EA299D2B7F00E719D9 /* Products */;
			projectDirPath = "";
			projectRoot = "";
			targets = (
				62F995E8299D2B7F00E719D9 /* DentistScheduleBuilder */,
			);
		};
/* End PBXProject section */

/* Begin PBXResourcesBuildPhase section */
		62F995E7299D2B7F00E719D9 /* Resources */ = {
			isa = PBXResourcesBuildPhase;
			buildActionMask = 2147483647;
			files = (
				62F99612299D2E2500E719D9 /* Preview Content in Resources */,
				62F995F1299D2B8100E719D9 /* Assets.xcassets in Resources */,
			);
			runOnlyForDeploymentPostprocessing = 0;
		};
/* End PBXResourcesBuildPhase section */

/* Begin PBXSourcesBuildPhase section */
		62F995E5299D2B7F00E719D9 /* Sources */ = {
			isa = PBXSourcesBuildPhase;
			buildActionMask = 2147483647;
			files = (
				62F9960A299D2CE400E719D9 /* Settings.swift in Sources */,
				62F99605299D2CE400E719D9 /* SampleData.swift in Sources */,
				62F99606299D2CE400E719D9 /* DemoApp.swift in Sources */,
				62F9960E299D2DA600E719D9 /* CustomDateHeader.swift in Sources */,
				62F99609299D2CE400E719D9 /* DetailView.swift in Sources */,
				62F9960C299D2CE400E719D9 /* EventCell.swift in Sources */,
			);
			runOnlyForDeploymentPostprocessing = 0;
		};
/* End PBXSourcesBuildPhase section */

/* Begin XCBuildConfiguration section */
		62F995F5299D2B8100E719D9 /* Debug */ = {
			isa = XCBuildConfiguration;
			buildSettings = {
				ALWAYS_SEARCH_USER_PATHS = NO;
				CLANG_ANALYZER_NONNULL = YES;
				CLANG_ANALYZER_NUMBER_OBJECT_CONVERSION = YES_AGGRESSIVE;
				CLANG_CXX_LANGUAGE_STANDARD = "gnu++20";
				CLANG_ENABLE_MODULES = YES;
				CLANG_ENABLE_OBJC_ARC = YES;
				CLANG_ENABLE_OBJC_WEAK = YES;
				CLANG_WARN_BLOCK_CAPTURE_AUTORELEASING = YES;
				CLANG_WARN_BOOL_CONVERSION = YES;
				CLANG_WARN_COMMA = YES;
				CLANG_WARN_CONSTANT_CONVERSION = YES;
				CLANG_WARN_DEPRECATED_OBJC_IMPLEMENTATIONS = YES;
				CLANG_WARN_DIRECT_OBJC_ISA_USAGE = YES_ERROR;
				CLANG_WARN_DOCUMENTATION_COMMENTS = YES;
				CLANG_WARN_EMPTY_BODY = YES;
				CLANG_WARN_ENUM_CONVERSION = YES;
				CLANG_WARN_INFINITE_RECURSION = YES;
				CLANG_WARN_INT_CONVERSION = YES;
				CLANG_WARN_NON_LITERAL_NULL_CONVERSION = YES;
				CLANG_WARN_OBJC_IMPLICIT_RETAIN_SELF = YES;
				CLANG_WARN_OBJC_LITERAL_CONVERSION = YES;
				CLANG_WARN_OBJC_ROOT_CLASS = YES_ERROR;
				CLANG_WARN_QUOTED_INCLUDE_IN_FRAMEWORK_HEADER = YES;
				CLANG_WARN_RANGE_LOOP_ANALYSIS = YES;
				CLANG_WARN_STRICT_PROTOTYPES = YES;
				CLANG_WARN_SUSPICIOUS_MOVE = YES;
				CLANG_WARN_UNGUARDED_AVAILABILITY = YES_AGGRESSIVE;
				CLANG_WARN_UNREACHABLE_CODE = YES;
				CLANG_WARN__DUPLICATE_METHOD_MATCH = YES;
				COPY_PHASE_STRIP = NO;
				DEBUG_INFORMATION_FORMAT = dwarf;
				ENABLE_STRICT_OBJC_MSGSEND = YES;
				ENABLE_TESTABILITY = YES;
				GCC_C_LANGUAGE_STANDARD = gnu11;
				GCC_DYNAMIC_NO_PIC = NO;
				GCC_NO_COMMON_BLOCKS = YES;
				GCC_OPTIMIZATION_LEVEL = 0;
				GCC_PREPROCESSOR_DEFINITIONS = (
					"DEBUG=1",
					"$(inherited)",
				);
				GCC_WARN_64_TO_32_BIT_CONVERSION = YES;
				GCC_WARN_ABOUT_RETURN_TYPE = YES_ERROR;
				GCC_WARN_UNDECLARED_SELECTOR = YES;
				GCC_WARN_UNINITIALIZED_AUTOS = YES_AGGRESSIVE;
				GCC_WARN_UNUSED_FUNCTION = YES;
				GCC_WARN_UNUSED_VARIABLE = YES;
				IPHONEOS_DEPLOYMENT_TARGET = 16.2;
				MTL_ENABLE_DEBUG_INFO = INCLUDE_SOURCE;
				MTL_FAST_MATH = YES;
				ONLY_ACTIVE_ARCH = YES;
				SDKROOT = iphoneos;
				SWIFT_ACTIVE_COMPILATION_CONDITIONS = DEBUG;
				SWIFT_OPTIMIZATION_LEVEL = "-Onone";
			};
			name = Debug;
		};
		62F995F6299D2B8100E719D9 /* Release */ = {
			isa = XCBuildConfiguration;
			buildSettings = {
				ALWAYS_SEARCH_USER_PATHS = NO;
				CLANG_ANALYZER_NONNULL = YES;
				CLANG_ANALYZER_NUMBER_OBJECT_CONVERSION = YES_AGGRESSIVE;
				CLANG_CXX_LANGUAGE_STANDARD = "gnu++20";
				CLANG_ENABLE_MODULES = YES;
				CLANG_ENABLE_OBJC_ARC = YES;
				CLANG_ENABLE_OBJC_WEAK = YES;
				CLANG_WARN_BLOCK_CAPTURE_AUTORELEASING = YES;
				CLANG_WARN_BOOL_CONVERSION = YES;
				CLANG_WARN_COMMA = YES;
				CLANG_WARN_CONSTANT_CONVERSION = YES;
				CLANG_WARN_DEPRECATED_OBJC_IMPLEMENTATIONS = YES;
				CLANG_WARN_DIRECT_OBJC_ISA_USAGE = YES_ERROR;
				CLANG_WARN_DOCUMENTATION_COMMENTS = YES;
				CLANG_WARN_EMPTY_BODY = YES;
				CLANG_WARN_ENUM_CONVERSION = YES;
				CLANG_WARN_INFINITE_RECURSION = YES;
				CLANG_WARN_INT_CONVERSION = YES;
				CLANG_WARN_NON_LITERAL_NULL_CONVERSION = YES;
				CLANG_WARN_OBJC_IMPLICIT_RETAIN_SELF = YES;
				CLANG_WARN_OBJC_LITERAL_CONVERSION = YES;
				CLANG_WARN_OBJC_ROOT_CLASS = YES_ERROR;
				CLANG_WARN_QUOTED_INCLUDE_IN_FRAMEWORK_HEADER = YES;
				CLANG_WARN_RANGE_LOOP_ANALYSIS = YES;
				CLANG_WARN_STRICT_PROTOTYPES = YES;
				CLANG_WARN_SUSPICIOUS_MOVE = YES;
				CLANG_WARN_UNGUARDED_AVAILABILITY = YES_AGGRESSIVE;
				CLANG_WARN_UNREACHABLE_CODE = YES;
				CLANG_WARN__DUPLICATE_METHOD_MATCH = YES;
				COPY_PHASE_STRIP = NO;
				DEBUG_INFORMATION_FORMAT = "dwarf-with-dsym";
				ENABLE_NS_ASSERTIONS = NO;
				ENABLE_STRICT_OBJC_MSGSEND = YES;
				GCC_C_LANGUAGE_STANDARD = gnu11;
				GCC_NO_COMMON_BLOCKS = YES;
				GCC_WARN_64_TO_32_BIT_CONVERSION = YES;
				GCC_WARN_ABOUT_RETURN_TYPE = YES_ERROR;
				GCC_WARN_UNDECLARED_SELECTOR = YES;
				GCC_WARN_UNINITIALIZED_AUTOS = YES_AGGRESSIVE;
				GCC_WARN_UNUSED_FUNCTION = YES;
				GCC_WARN_UNUSED_VARIABLE = YES;
				IPHONEOS_DEPLOYMENT_TARGET = 16.2;
				MTL_ENABLE_DEBUG_INFO = NO;
				MTL_FAST_MATH = YES;
				SDKROOT = iphoneos;
				SWIFT_COMPILATION_MODE = wholemodule;
				SWIFT_OPTIMIZATION_LEVEL = "-O";
				VALIDATE_PRODUCT = YES;
			};
			name = Release;
		};
		62F995F8299D2B8100E719D9 /* Debug */ = {
			isa = XCBuildConfiguration;
			buildSettings = {
				ASSETCATALOG_COMPILER_APPICON_NAME = AppIcon;
				ASSETCATALOG_COMPILER_GLOBAL_ACCENT_COLOR_NAME = AccentColor;
				CODE_SIGN_STYLE = Automatic;
				CURRENT_PROJECT_VERSION = 1;
				DEVELOPMENT_ASSET_PATHS = "\"DentistScheduleBuilder/Preview Content\"";
				DEVELOPMENT_TEAM = 5RP3YJ7VKV;
				ENABLE_PREVIEWS = YES;
				GENERATE_INFOPLIST_FILE = YES;
				INFOPLIST_KEY_UIApplicationSceneManifest_Generation = YES;
				INFOPLIST_KEY_UIApplicationSupportsIndirectInputEvents = YES;
				INFOPLIST_KEY_UILaunchScreen_Generation = YES;
				INFOPLIST_KEY_UISupportedInterfaceOrientations_iPad = "UIInterfaceOrientationPortrait UIInterfaceOrientationPortraitUpsideDown UIInterfaceOrientationLandscapeLeft UIInterfaceOrientationLandscapeRight";
				INFOPLIST_KEY_UISupportedInterfaceOrientations_iPhone = "UIInterfaceOrientationPortrait UIInterfaceOrientationLandscapeLeft UIInterfaceOrientationLandscapeRight";
				LD_RUNPATH_SEARCH_PATHS = (
					"$(inherited)",
					"@executable_path/Frameworks",
				);
				MARKETING_VERSION = 0.1.0;
				PRODUCT_BUNDLE_IDENTIFIER = com.zixuanlin.DentistScheduleBuilder;
				PRODUCT_NAME = "$(TARGET_NAME)";
				SUPPORTED_PLATFORMS = "iphoneos iphonesimulator";
				SUPPORTS_MACCATALYST = NO;
				SUPPORTS_MAC_DESIGNED_FOR_IPHONE_IPAD = NO;
				SWIFT_EMIT_LOC_STRINGS = YES;
				SWIFT_VERSION = 5.0;
				TARGETED_DEVICE_FAMILY = "1,2";
			};
			name = Debug;
		};
		62F995F9299D2B8100E719D9 /* Release */ = {
			isa = XCBuildConfiguration;
			buildSettings = {
				ASSETCATALOG_COMPILER_APPICON_NAME = AppIcon;
				ASSETCATALOG_COMPILER_GLOBAL_ACCENT_COLOR_NAME = AccentColor;
				CODE_SIGN_STYLE = Automatic;
				CURRENT_PROJECT_VERSION = 1;
				DEVELOPMENT_ASSET_PATHS = "\"DentistScheduleBuilder/Preview Content\"";
				DEVELOPMENT_TEAM = 5RP3YJ7VKV;
				ENABLE_PREVIEWS = YES;
				GENERATE_INFOPLIST_FILE = YES;
				INFOPLIST_KEY_UIApplicationSceneManifest_Generation = YES;
				INFOPLIST_KEY_UIApplicationSupportsIndirectInputEvents = YES;
				INFOPLIST_KEY_UILaunchScreen_Generation = YES;
				INFOPLIST_KEY_UISupportedInterfaceOrientations_iPad = "UIInterfaceOrientationPortrait UIInterfaceOrientationPortraitUpsideDown UIInterfaceOrientationLandscapeLeft UIInterfaceOrientationLandscapeRight";
				INFOPLIST_KEY_UISupportedInterfaceOrientations_iPhone = "UIInterfaceOrientationPortrait UIInterfaceOrientationLandscapeLeft UIInterfaceOrientationLandscapeRight";
				LD_RUNPATH_SEARCH_PATHS = (
					"$(inherited)",
					"@executable_path/Frameworks",
				);
				MARKETING_VERSION = 0.1.0;
				PRODUCT_BUNDLE_IDENTIFIER = com.zixuanlin.DentistScheduleBuilder;
				PRODUCT_NAME = "$(TARGET_NAME)";
				SUPPORTED_PLATFORMS = "iphoneos iphonesimulator";
				SUPPORTS_MACCATALYST = NO;
				SUPPORTS_MAC_DESIGNED_FOR_IPHONE_IPAD = NO;
				SWIFT_EMIT_LOC_STRINGS = YES;
				SWIFT_VERSION = 5.0;
				TARGETED_DEVICE_FAMILY = "1,2";
			};
			name = Release;
		};
/* End XCBuildConfiguration section */

/* Begin XCConfigurationList section */
		62F995E4299D2B7F00E719D9 /* Build configuration list for PBXProject "DentistScheduleBuilder" */ = {
			isa = XCConfigurationList;
			buildConfigurations = (
				62F995F5299D2B8100E719D9 /* Debug */,
				62F995F6299D2B8100E719D9 /* Release */,
			);
			defaultConfigurationIsVisible = 0;
			defaultConfigurationName = Release;
		};
		62F995F7299D2B8100E719D9 /* Build configuration list for PBXNativeTarget "DentistScheduleBuilder" */ = {
			isa = XCConfigurationList;
			buildConfigurations = (
				62F995F8299D2B8100E719D9 /* Debug */,
				62F995F9299D2B8100E719D9 /* Release */,
			);
			defaultConfigurationIsVisible = 0;
			defaultConfigurationName = Release;
		};
/* End XCConfigurationList section */

/* Begin XCRemoteSwiftPackageReference section */
		62F995FA299D2BF500E719D9 /* XCRemoteSwiftPackageReference "InfiniteCalendar" */ = {
			isa = XCRemoteSwiftPackageReference;
			repositoryURL = "https://github.com/shohe/InfiniteCalendar.git";
			requirement = {
				kind = upToNextMajorVersion;
				minimumVersion = 0.2.9;
			};
		};
/* End XCRemoteSwiftPackageReference section */

/* Begin XCSwiftPackageProductDependency section */
		62F995FB299D2BF500E719D9 /* InfiniteCalendar */ = {
			isa = XCSwiftPackageProductDependency;
			package = 62F995FA299D2BF500E719D9 /* XCRemoteSwiftPackageReference "InfiniteCalendar" */;
			productName = InfiniteCalendar;
		};
/* End XCSwiftPackageProductDependency section */
	};
	rootObject = 62F995E1299D2B7F00E719D9 /* Project object */;
}
